// !$*UTF8*$!
{
	archiveVersion = 1;
	classes = {
	};
	objectVersion = 56;
	objects = {

/* Begin PBXBuildFile section */
		6845CC9F299A1DC600F5EF23 /* CharacterEndpoint.swift in Sources */ = {isa = PBXBuildFile; fileRef = 6845CC9E299A1DC600F5EF23 /* CharacterEndpoint.swift */; };
		68CE67442935FACF002A352E /* HomeViewController.xib in Resources */ = {isa = PBXBuildFile; fileRef = 68CE67432935FACF002A352E /* HomeViewController.xib */; };
		68CE67462935FAEF002A352E /* HomeViewController.swift in Sources */ = {isa = PBXBuildFile; fileRef = 68CE67452935FAEF002A352E /* HomeViewController.swift */; };
		68CE67482935FB17002A352E /* HomeBuilder.swift in Sources */ = {isa = PBXBuildFile; fileRef = 68CE67472935FB17002A352E /* HomeBuilder.swift */; };
		68CE674A2935FB2B002A352E /* HomeRouter.swift in Sources */ = {isa = PBXBuildFile; fileRef = 68CE67492935FB2B002A352E /* HomeRouter.swift */; };
		68CE674C2935FB3B002A352E /* HomeViewModel.swift in Sources */ = {isa = PBXBuildFile; fileRef = 68CE674B2935FB3B002A352E /* HomeViewModel.swift */; };
		68CE674E2935FB45002A352E /* HomeProtocols.swift in Sources */ = {isa = PBXBuildFile; fileRef = 68CE674D2935FB45002A352E /* HomeProtocols.swift */; };
		68CE6752293607B9002A352E /* CharacterCell.swift in Sources */ = {isa = PBXBuildFile; fileRef = 68CE6750293607B9002A352E /* CharacterCell.swift */; };
		68CE6753293607B9002A352E /* CharacterCell.xib in Resources */ = {isa = PBXBuildFile; fileRef = 68CE6751293607B9002A352E /* CharacterCell.xib */; };
		68CE6755293609BA002A352E /* CharacterDTO.swift in Sources */ = {isa = PBXBuildFile; fileRef = 68CE6754293609BA002A352E /* CharacterDTO.swift */; };
		68CE675729360BB3002A352E /* Character.swift in Sources */ = {isa = PBXBuildFile; fileRef = 68CE675629360BB3002A352E /* Character.swift */; };
		68CE675A293618F5002A352E /* CharacterRepository.swift in Sources */ = {isa = PBXBuildFile; fileRef = 68CE6759293618F5002A352E /* CharacterRepository.swift */; };
		68CE675C293621C2002A352E /* CharacterUserCase.swift in Sources */ = {isa = PBXBuildFile; fileRef = 68CE675B293621C2002A352E /* CharacterUserCase.swift */; };
		68CE675E29362261002A352E /* Pager.swift in Sources */ = {isa = PBXBuildFile; fileRef = 68CE675D29362261002A352E /* Pager.swift */; };
		68CE677729373E12002A352E /* CharacterDetailRouter.swift in Sources */ = {isa = PBXBuildFile; fileRef = 68CE677129373E12002A352E /* CharacterDetailRouter.swift */; };
		68CE677829373E12002A352E /* CharacterDetailViewController.swift in Sources */ = {isa = PBXBuildFile; fileRef = 68CE677229373E12002A352E /* CharacterDetailViewController.swift */; };
		68CE677929373E12002A352E /* CharacterDetailProtocols.swift in Sources */ = {isa = PBXBuildFile; fileRef = 68CE677329373E12002A352E /* CharacterDetailProtocols.swift */; };
		68CE677A29373E12002A352E /* CharacterDetailBuilder.swift in Sources */ = {isa = PBXBuildFile; fileRef = 68CE677429373E12002A352E /* CharacterDetailBuilder.swift */; };
		68CE677B29373E12002A352E /* CharacterDetailViewModel.swift in Sources */ = {isa = PBXBuildFile; fileRef = 68CE677529373E12002A352E /* CharacterDetailViewModel.swift */; };
		68CE677C29373E12002A352E /* CharacterDetailViewController.xib in Resources */ = {isa = PBXBuildFile; fileRef = 68CE677629373E12002A352E /* CharacterDetailViewController.xib */; };
		68CE678429379B72002A352E /* CharacterUseCaseTests.swift in Sources */ = {isa = PBXBuildFile; fileRef = 68CE678329379B72002A352E /* CharacterUseCaseTests.swift */; };
		68CE678C2937A1AF002A352E /* CharacterUserCase.swift in Sources */ = {isa = PBXBuildFile; fileRef = 68CE675B293621C2002A352E /* CharacterUserCase.swift */; };
		68CE678D2937A1CF002A352E /* CharacterRepository.swift in Sources */ = {isa = PBXBuildFile; fileRef = 68CE6759293618F5002A352E /* CharacterRepository.swift */; };
		68CE678E2937A2D2002A352E /* CharacterDTO.swift in Sources */ = {isa = PBXBuildFile; fileRef = 68CE6754293609BA002A352E /* CharacterDTO.swift */; };
		68CE678F2937A2D6002A352E /* Pager.swift in Sources */ = {isa = PBXBuildFile; fileRef = 68CE675D29362261002A352E /* Pager.swift */; };
		68CE67902937A2DE002A352E /* Character.swift in Sources */ = {isa = PBXBuildFile; fileRef = 68CE675629360BB3002A352E /* Character.swift */; };
		68CE67912937A2E3002A352E /* ViewModelProtocol.swift in Sources */ = {isa = PBXBuildFile; fileRef = C1D3C34B2917B99D000C522C /* ViewModelProtocol.swift */; };
		68CE67922937A2E7002A352E /* BuilderProtocol.swift in Sources */ = {isa = PBXBuildFile; fileRef = C1D3C3422917B756000C522C /* BuilderProtocol.swift */; };
		68CE67932937A2EB002A352E /* BaseViewController.swift in Sources */ = {isa = PBXBuildFile; fileRef = C1D3C33C2917B69C000C522C /* BaseViewController.swift */; };
		68CE67942937A2EF002A352E /* Container.swift in Sources */ = {isa = PBXBuildFile; fileRef = C1D3C34E2919018C000C522C /* Container.swift */; };
		68CE67952937A2F4002A352E /* UImageView.swift in Sources */ = {isa = PBXBuildFile; fileRef = C159551629239CBD00F76A1A /* UImageView.swift */; };
		68CE67962937A2FA002A352E /* AppDelegate.swift in Sources */ = {isa = PBXBuildFile; fileRef = C178031C291673D800E9E0AE /* AppDelegate.swift */; };
		68CE67972937A2FD002A352E /* SceneDelegate.swift in Sources */ = {isa = PBXBuildFile; fileRef = C178031E291673D800E9E0AE /* SceneDelegate.swift */; };
		68CE67982937A305002A352E /* CharacterDetailViewController.swift in Sources */ = {isa = PBXBuildFile; fileRef = 68CE677229373E12002A352E /* CharacterDetailViewController.swift */; };
		68CE67992937A305002A352E /* CharacterDetailRouter.swift in Sources */ = {isa = PBXBuildFile; fileRef = 68CE677129373E12002A352E /* CharacterDetailRouter.swift */; };
		68CE679A2937A305002A352E /* CharacterDetailBuilder.swift in Sources */ = {isa = PBXBuildFile; fileRef = 68CE677429373E12002A352E /* CharacterDetailBuilder.swift */; };
		68CE679B2937A305002A352E /* CharacterDetailProtocols.swift in Sources */ = {isa = PBXBuildFile; fileRef = 68CE677329373E12002A352E /* CharacterDetailProtocols.swift */; };
		68CE679C2937A305002A352E /* CharacterDetailViewController.xib in Resources */ = {isa = PBXBuildFile; fileRef = 68CE677629373E12002A352E /* CharacterDetailViewController.xib */; };
		68CE679D2937A305002A352E /* CharacterDetailViewModel.swift in Sources */ = {isa = PBXBuildFile; fileRef = 68CE677529373E12002A352E /* CharacterDetailViewModel.swift */; };
		68CE679E2937A30C002A352E /* HomeViewController.xib in Resources */ = {isa = PBXBuildFile; fileRef = 68CE67432935FACF002A352E /* HomeViewController.xib */; };
		68CE679F2937A30C002A352E /* HomeViewController.swift in Sources */ = {isa = PBXBuildFile; fileRef = 68CE67452935FAEF002A352E /* HomeViewController.swift */; };
		68CE67A02937A30C002A352E /* HomeViewModel.swift in Sources */ = {isa = PBXBuildFile; fileRef = 68CE674B2935FB3B002A352E /* HomeViewModel.swift */; };
		68CE67A12937A30C002A352E /* HomeBuilder.swift in Sources */ = {isa = PBXBuildFile; fileRef = 68CE67472935FB17002A352E /* HomeBuilder.swift */; };
		68CE67A22937A30C002A352E /* HomeRouter.swift in Sources */ = {isa = PBXBuildFile; fileRef = 68CE67492935FB2B002A352E /* HomeRouter.swift */; };
		68CE67A32937A30C002A352E /* HomeProtocols.swift in Sources */ = {isa = PBXBuildFile; fileRef = 68CE674D2935FB45002A352E /* HomeProtocols.swift */; };
		68CE67A42937A312002A352E /* CharacterCell.swift in Sources */ = {isa = PBXBuildFile; fileRef = 68CE6750293607B9002A352E /* CharacterCell.swift */; };
		68CE67A52937A312002A352E /* CharacterCell.xib in Resources */ = {isa = PBXBuildFile; fileRef = 68CE6751293607B9002A352E /* CharacterCell.xib */; };
		C159551729239CBD00F76A1A /* UImageView.swift in Sources */ = {isa = PBXBuildFile; fileRef = C159551629239CBD00F76A1A /* UImageView.swift */; };
		C178031D291673D800E9E0AE /* AppDelegate.swift in Sources */ = {isa = PBXBuildFile; fileRef = C178031C291673D800E9E0AE /* AppDelegate.swift */; };
		C178031F291673D800E9E0AE /* SceneDelegate.swift in Sources */ = {isa = PBXBuildFile; fileRef = C178031E291673D800E9E0AE /* SceneDelegate.swift */; };
		C1780326291673DA00E9E0AE /* Assets.xcassets in Resources */ = {isa = PBXBuildFile; fileRef = C1780325291673DA00E9E0AE /* Assets.xcassets */; };
		C1780329291673DA00E9E0AE /* LaunchScreen.storyboard in Resources */ = {isa = PBXBuildFile; fileRef = C1780327291673DA00E9E0AE /* LaunchScreen.storyboard */; };
		C18C4E95291EE5A6005D2850 /* README.md in Resources */ = {isa = PBXBuildFile; fileRef = C18C4E94291EE5A6005D2850 /* README.md */; };
		C1D3C33D2917B69C000C522C /* BaseViewController.swift in Sources */ = {isa = PBXBuildFile; fileRef = C1D3C33C2917B69C000C522C /* BaseViewController.swift */; };
		C1D3C3432917B756000C522C /* BuilderProtocol.swift in Sources */ = {isa = PBXBuildFile; fileRef = C1D3C3422917B756000C522C /* BuilderProtocol.swift */; };
		C1D3C34C2917B99D000C522C /* ViewModelProtocol.swift in Sources */ = {isa = PBXBuildFile; fileRef = C1D3C34B2917B99D000C522C /* ViewModelProtocol.swift */; };
		C1D3C34F2919018C000C522C /* Container.swift in Sources */ = {isa = PBXBuildFile; fileRef = C1D3C34E2919018C000C522C /* Container.swift */; };
/* End PBXBuildFile section */

/* Begin PBXContainerItemProxy section */
		68CE678529379B72002A352E /* PBXContainerItemProxy */ = {
			isa = PBXContainerItemProxy;
			containerPortal = C1780311291673D800E9E0AE /* Project object */;
			proxyType = 1;
			remoteGlobalIDString = C1780318291673D800E9E0AE;
			remoteInfo = RickandMorty;
		};
/* End PBXContainerItemProxy section */

/* Begin PBXFileReference section */
		6845CC9E299A1DC600F5EF23 /* CharacterEndpoint.swift */ = {isa = PBXFileReference; lastKnownFileType = sourcecode.swift; path = CharacterEndpoint.swift; sourceTree = "<group>"; };
		68CE67432935FACF002A352E /* HomeViewController.xib */ = {isa = PBXFileReference; lastKnownFileType = file.xib; path = HomeViewController.xib; sourceTree = "<group>"; };
		68CE67452935FAEF002A352E /* HomeViewController.swift */ = {isa = PBXFileReference; lastKnownFileType = sourcecode.swift; path = HomeViewController.swift; sourceTree = "<group>"; };
		68CE67472935FB17002A352E /* HomeBuilder.swift */ = {isa = PBXFileReference; lastKnownFileType = sourcecode.swift; path = HomeBuilder.swift; sourceTree = "<group>"; };
		68CE67492935FB2B002A352E /* HomeRouter.swift */ = {isa = PBXFileReference; lastKnownFileType = sourcecode.swift; path = HomeRouter.swift; sourceTree = "<group>"; };
		68CE674B2935FB3B002A352E /* HomeViewModel.swift */ = {isa = PBXFileReference; lastKnownFileType = sourcecode.swift; path = HomeViewModel.swift; sourceTree = "<group>"; };
		68CE674D2935FB45002A352E /* HomeProtocols.swift */ = {isa = PBXFileReference; lastKnownFileType = sourcecode.swift; path = HomeProtocols.swift; sourceTree = "<group>"; };
		68CE6750293607B9002A352E /* CharacterCell.swift */ = {isa = PBXFileReference; lastKnownFileType = sourcecode.swift; path = CharacterCell.swift; sourceTree = "<group>"; };
		68CE6751293607B9002A352E /* CharacterCell.xib */ = {isa = PBXFileReference; lastKnownFileType = file.xib; path = CharacterCell.xib; sourceTree = "<group>"; };
		68CE6754293609BA002A352E /* CharacterDTO.swift */ = {isa = PBXFileReference; lastKnownFileType = sourcecode.swift; path = CharacterDTO.swift; sourceTree = "<group>"; };
		68CE675629360BB3002A352E /* Character.swift */ = {isa = PBXFileReference; lastKnownFileType = sourcecode.swift; path = Character.swift; sourceTree = "<group>"; };
		68CE6759293618F5002A352E /* CharacterRepository.swift */ = {isa = PBXFileReference; lastKnownFileType = sourcecode.swift; path = CharacterRepository.swift; sourceTree = "<group>"; };
		68CE675B293621C2002A352E /* CharacterUserCase.swift */ = {isa = PBXFileReference; lastKnownFileType = sourcecode.swift; path = CharacterUserCase.swift; sourceTree = "<group>"; };
		68CE675D29362261002A352E /* Pager.swift */ = {isa = PBXFileReference; lastKnownFileType = sourcecode.swift; path = Pager.swift; sourceTree = "<group>"; };
		68CE677129373E12002A352E /* CharacterDetailRouter.swift */ = {isa = PBXFileReference; lastKnownFileType = sourcecode.swift; path = CharacterDetailRouter.swift; sourceTree = "<group>"; };
		68CE677229373E12002A352E /* CharacterDetailViewController.swift */ = {isa = PBXFileReference; lastKnownFileType = sourcecode.swift; path = CharacterDetailViewController.swift; sourceTree = "<group>"; };
		68CE677329373E12002A352E /* CharacterDetailProtocols.swift */ = {isa = PBXFileReference; lastKnownFileType = sourcecode.swift; path = CharacterDetailProtocols.swift; sourceTree = "<group>"; };
		68CE677429373E12002A352E /* CharacterDetailBuilder.swift */ = {isa = PBXFileReference; lastKnownFileType = sourcecode.swift; path = CharacterDetailBuilder.swift; sourceTree = "<group>"; };
		68CE677529373E12002A352E /* CharacterDetailViewModel.swift */ = {isa = PBXFileReference; lastKnownFileType = sourcecode.swift; path = CharacterDetailViewModel.swift; sourceTree = "<group>"; };
		68CE677629373E12002A352E /* CharacterDetailViewController.xib */ = {isa = PBXFileReference; lastKnownFileType = file.xib; path = CharacterDetailViewController.xib; sourceTree = "<group>"; };
		68CE678129379B72002A352E /* RickandMortyTests.xctest */ = {isa = PBXFileReference; explicitFileType = wrapper.cfbundle; includeInIndex = 0; path = RickandMortyTests.xctest; sourceTree = BUILT_PRODUCTS_DIR; };
		68CE678329379B72002A352E /* CharacterUseCaseTests.swift */ = {isa = PBXFileReference; lastKnownFileType = sourcecode.swift; path = CharacterUseCaseTests.swift; sourceTree = "<group>"; };
		C159551629239CBD00F76A1A /* UImageView.swift */ = {isa = PBXFileReference; lastKnownFileType = sourcecode.swift; path = UImageView.swift; sourceTree = "<group>"; };
		C1780319291673D800E9E0AE /* RickandMorty.app */ = {isa = PBXFileReference; explicitFileType = wrapper.application; includeInIndex = 0; path = RickandMorty.app; sourceTree = BUILT_PRODUCTS_DIR; };
		C178031C291673D800E9E0AE /* AppDelegate.swift */ = {isa = PBXFileReference; lastKnownFileType = sourcecode.swift; path = AppDelegate.swift; sourceTree = "<group>"; };
		C178031E291673D800E9E0AE /* SceneDelegate.swift */ = {isa = PBXFileReference; lastKnownFileType = sourcecode.swift; path = SceneDelegate.swift; sourceTree = "<group>"; };
		C1780325291673DA00E9E0AE /* Assets.xcassets */ = {isa = PBXFileReference; lastKnownFileType = folder.assetcatalog; path = Assets.xcassets; sourceTree = "<group>"; };
		C1780328291673DA00E9E0AE /* Base */ = {isa = PBXFileReference; lastKnownFileType = file.storyboard; name = Base; path = Base.lproj/LaunchScreen.storyboard; sourceTree = "<group>"; };
		C178032A291673DA00E9E0AE /* Info.plist */ = {isa = PBXFileReference; lastKnownFileType = text.plist.xml; path = Info.plist; sourceTree = "<group>"; };
		C18C4E94291EE5A6005D2850 /* README.md */ = {isa = PBXFileReference; fileEncoding = 4; lastKnownFileType = net.daringfireball.markdown; path = README.md; sourceTree = "<group>"; };
		C1D3C33C2917B69C000C522C /* BaseViewController.swift */ = {isa = PBXFileReference; lastKnownFileType = sourcecode.swift; path = BaseViewController.swift; sourceTree = "<group>"; };
		C1D3C3422917B756000C522C /* BuilderProtocol.swift */ = {isa = PBXFileReference; lastKnownFileType = sourcecode.swift; path = BuilderProtocol.swift; sourceTree = "<group>"; };
		C1D3C34B2917B99D000C522C /* ViewModelProtocol.swift */ = {isa = PBXFileReference; lastKnownFileType = sourcecode.swift; path = ViewModelProtocol.swift; sourceTree = "<group>"; };
		C1D3C34E2919018C000C522C /* Container.swift */ = {isa = PBXFileReference; lastKnownFileType = sourcecode.swift; path = Container.swift; sourceTree = "<group>"; };
/* End PBXFileReference section */

/* Begin PBXFrameworksBuildPhase section */
		68CE677E29379B72002A352E /* Frameworks */ = {
			isa = PBXFrameworksBuildPhase;
			buildActionMask = 2147483647;
			files = (
			);
			runOnlyForDeploymentPostprocessing = 0;
		};
		C1780316291673D800E9E0AE /* Frameworks */ = {
			isa = PBXFrameworksBuildPhase;
			buildActionMask = 2147483647;
			files = (
			);
			runOnlyForDeploymentPostprocessing = 0;
		};
/* End PBXFrameworksBuildPhase section */

/* Begin PBXGroup section */
		6845CC9D299A1DAE00F5EF23 /* Endpoint */ = {
			isa = PBXGroup;
			children = (
				6845CC9E299A1DC600F5EF23 /* CharacterEndpoint.swift */,
			);
			path = Endpoint;
			sourceTree = "<group>";
		};
		68CE67422935F447002A352E /* Home */ = {
			isa = PBXGroup;
			children = (
				68CE674F29360790002A352E /* Cell */,
				68CE67432935FACF002A352E /* HomeViewController.xib */,
				68CE67452935FAEF002A352E /* HomeViewController.swift */,
				68CE674B2935FB3B002A352E /* HomeViewModel.swift */,
				68CE67492935FB2B002A352E /* HomeRouter.swift */,
				68CE67472935FB17002A352E /* HomeBuilder.swift */,
				68CE674D2935FB45002A352E /* HomeProtocols.swift */,
			);
			path = Home;
			sourceTree = "<group>";
		};
		68CE674F29360790002A352E /* Cell */ = {
			isa = PBXGroup;
			children = (
				68CE6750293607B9002A352E /* CharacterCell.swift */,
				68CE6751293607B9002A352E /* CharacterCell.xib */,
			);
			path = Cell;
			sourceTree = "<group>";
		};
		68CE675F2936593E002A352E /* CharacterDetail */ = {
			isa = PBXGroup;
			children = (
				68CE677629373E12002A352E /* CharacterDetailViewController.xib */,
				68CE677229373E12002A352E /* CharacterDetailViewController.swift */,
				68CE677529373E12002A352E /* CharacterDetailViewModel.swift */,
				68CE677129373E12002A352E /* CharacterDetailRouter.swift */,
				68CE677429373E12002A352E /* CharacterDetailBuilder.swift */,
				68CE677329373E12002A352E /* CharacterDetailProtocols.swift */,
			);
			path = CharacterDetail;
			sourceTree = "<group>";
		};
		68CE678229379B72002A352E /* RickandMortyTests */ = {
			isa = PBXGroup;
			children = (
				68CE678A2937A0BC002A352E /* Domain */,
			);
			path = RickandMortyTests;
			sourceTree = "<group>";
		};
		68CE678A2937A0BC002A352E /* Domain */ = {
			isa = PBXGroup;
			children = (
				68CE678B2937A0CE002A352E /* UseCase */,
			);
			path = Domain;
			sourceTree = "<group>";
		};
		68CE678B2937A0CE002A352E /* UseCase */ = {
			isa = PBXGroup;
			children = (
				68CE678329379B72002A352E /* CharacterUseCaseTests.swift */,
			);
			path = UseCase;
			sourceTree = "<group>";
		};
		C159551529239CAA00F76A1A /* Helper */ = {
			isa = PBXGroup;
			children = (
				C159551629239CBD00F76A1A /* UImageView.swift */,
			);
			path = Helper;
			sourceTree = "<group>";
		};
		C1780310291673D800E9E0AE = {
			isa = PBXGroup;
			children = (
				C18C4E94291EE5A6005D2850 /* README.md */,
				C178031B291673D800E9E0AE /* RickandMorty */,
				68CE678229379B72002A352E /* RickandMortyTests */,
				C178031A291673D800E9E0AE /* Products */,
			);
			sourceTree = "<group>";
		};
		C178031A291673D800E9E0AE /* Products */ = {
			isa = PBXGroup;
			children = (
				C1780319291673D800E9E0AE /* RickandMorty.app */,
				68CE678129379B72002A352E /* RickandMortyTests.xctest */,
			);
			name = Products;
			sourceTree = "<group>";
		};
		C178031B291673D800E9E0AE /* RickandMorty */ = {
			isa = PBXGroup;
			children = (
				C159551529239CAA00F76A1A /* Helper */,
				C1D3C33B2917B682000C522C /* Core */,
				C1D3C34D2919017E000C522C /* DI */,
				C1D3C32629167417000C522C /* Data */,
				C1D3C3272916741D000C522C /* Domain */,
				C1D3C32429167401000C522C /* Presentation */,
				C1E97E9D292569970086F3A8 /* Resources */,
			);
			path = RickandMorty;
			sourceTree = "<group>";
		};
		C1D3C32429167401000C522C /* Presentation */ = {
			isa = PBXGroup;
			children = (
				C1D3C3252916740B000C522C /* App */,
				C1D3C32C2917B229000C522C /* Modules */,
			);
			path = Presentation;
			sourceTree = "<group>";
		};
		C1D3C3252916740B000C522C /* App */ = {
			isa = PBXGroup;
			children = (
				C178031C291673D800E9E0AE /* AppDelegate.swift */,
				C178031E291673D800E9E0AE /* SceneDelegate.swift */,
			);
			path = App;
			sourceTree = "<group>";
		};
		C1D3C32629167417000C522C /* Data */ = {
			isa = PBXGroup;
			children = (
				6845CC9D299A1DAE00F5EF23 /* Endpoint */,
				C1D3C329291674C5000C522C /* DTO */,
				C1D3C32829167446000C522C /* Repository */,
			);
			path = Data;
			sourceTree = "<group>";
		};
		C1D3C3272916741D000C522C /* Domain */ = {
			isa = PBXGroup;
			children = (
				C1D3C32B2917B21A000C522C /* UseCase */,
				C1D3C32A2917B1B5000C522C /* Entity */,
			);
			path = Domain;
			sourceTree = "<group>";
		};
		C1D3C32829167446000C522C /* Repository */ = {
			isa = PBXGroup;
			children = (
				68CE6759293618F5002A352E /* CharacterRepository.swift */,
			);
			path = Repository;
			sourceTree = "<group>";
		};
		C1D3C329291674C5000C522C /* DTO */ = {
			isa = PBXGroup;
			children = (
				68CE6754293609BA002A352E /* CharacterDTO.swift */,
				68CE675D29362261002A352E /* Pager.swift */,
			);
			path = DTO;
			sourceTree = "<group>";
		};
		C1D3C32A2917B1B5000C522C /* Entity */ = {
			isa = PBXGroup;
			children = (
				68CE675629360BB3002A352E /* Character.swift */,
			);
			path = Entity;
			sourceTree = "<group>";
		};
		C1D3C32B2917B21A000C522C /* UseCase */ = {
			isa = PBXGroup;
			children = (
				68CE675B293621C2002A352E /* CharacterUserCase.swift */,
			);
			path = UseCase;
			sourceTree = "<group>";
		};
		C1D3C32C2917B229000C522C /* Modules */ = {
			isa = PBXGroup;
			children = (
				68CE675F2936593E002A352E /* CharacterDetail */,
				68CE67422935F447002A352E /* Home */,
			);
			path = Modules;
			sourceTree = "<group>";
		};
		C1D3C33B2917B682000C522C /* Core */ = {
			isa = PBXGroup;
			children = (
				C1D3C33C2917B69C000C522C /* BaseViewController.swift */,
				C1D3C3422917B756000C522C /* BuilderProtocol.swift */,
				C1D3C34B2917B99D000C522C /* ViewModelProtocol.swift */,
			);
			path = Core;
			sourceTree = "<group>";
		};
		C1D3C34D2919017E000C522C /* DI */ = {
			isa = PBXGroup;
			children = (
				C1D3C34E2919018C000C522C /* Container.swift */,
			);
			path = DI;
			sourceTree = "<group>";
		};
		C1E97E9D292569970086F3A8 /* Resources */ = {
			isa = PBXGroup;
			children = (
				C1780327291673DA00E9E0AE /* LaunchScreen.storyboard */,
				C1780325291673DA00E9E0AE /* Assets.xcassets */,
				C178032A291673DA00E9E0AE /* Info.plist */,
			);
			path = Resources;
			sourceTree = "<group>";
		};
/* End PBXGroup section */

/* Begin PBXNativeTarget section */
		68CE678029379B72002A352E /* RickandMortyTests */ = {
			isa = PBXNativeTarget;
			buildConfigurationList = 68CE678929379B72002A352E /* Build configuration list for PBXNativeTarget "RickandMortyTests" */;
			buildPhases = (
				68CE677D29379B72002A352E /* Sources */,
				68CE677E29379B72002A352E /* Frameworks */,
				68CE677F29379B72002A352E /* Resources */,
			);
			buildRules = (
			);
			dependencies = (
				68CE678629379B72002A352E /* PBXTargetDependency */,
			);
			name = RickandMortyTests;
			productName = RickandMortyTests;
			productReference = 68CE678129379B72002A352E /* RickandMortyTests.xctest */;
			productType = "com.apple.product-type.bundle.unit-test";
		};
		C1780318291673D800E9E0AE /* RickandMorty */ = {
			isa = PBXNativeTarget;
			buildConfigurationList = C178032D291673DA00E9E0AE /* Build configuration list for PBXNativeTarget "RickandMorty" */;
			buildPhases = (
				C1780315291673D800E9E0AE /* Sources */,
				C1780316291673D800E9E0AE /* Frameworks */,
				C1780317291673D800E9E0AE /* Resources */,
			);
			buildRules = (
			);
			dependencies = (
			);
			name = RickandMorty;
			productName = clean;
			productReference = C1780319291673D800E9E0AE /* RickandMorty.app */;
			productType = "com.apple.product-type.application";
		};
/* End PBXNativeTarget section */

/* Begin PBXProject section */
		C1780311291673D800E9E0AE /* Project object */ = {
			isa = PBXProject;
			attributes = {
				BuildIndependentTargetsInParallel = 1;
				LastSwiftUpdateCheck = 1410;
				LastUpgradeCheck = 1410;
				TargetAttributes = {
					68CE678029379B72002A352E = {
						CreatedOnToolsVersion = 14.1;
						TestTargetID = C1780318291673D800E9E0AE;
					};
					C1780318291673D800E9E0AE = {
						CreatedOnToolsVersion = 14.1;
					};
				};
			};
			buildConfigurationList = C1780314291673D800E9E0AE /* Build configuration list for PBXProject "RickandMorty" */;
			compatibilityVersion = "Xcode 14.0";
			developmentRegion = en;
			hasScannedForEncodings = 0;
			knownRegions = (
				en,
				Base,
			);
			mainGroup = C1780310291673D800E9E0AE;
			productRefGroup = C178031A291673D800E9E0AE /* Products */;
			projectDirPath = "";
			projectRoot = "";
			targets = (
				C1780318291673D800E9E0AE /* RickandMorty */,
				68CE678029379B72002A352E /* RickandMortyTests */,
			);
		};
/* End PBXProject section */

/* Begin PBXResourcesBuildPhase section */
		68CE677F29379B72002A352E /* Resources */ = {
			isa = PBXResourcesBuildPhase;
			buildActionMask = 2147483647;
			files = (
				68CE679C2937A305002A352E /* CharacterDetailViewController.xib in Resources */,
				68CE67A52937A312002A352E /* CharacterCell.xib in Resources */,
				68CE679E2937A30C002A352E /* HomeViewController.xib in Resources */,
			);
			runOnlyForDeploymentPostprocessing = 0;
		};
		C1780317291673D800E9E0AE /* Resources */ = {
			isa = PBXResourcesBuildPhase;
			buildActionMask = 2147483647;
			files = (
				68CE67442935FACF002A352E /* HomeViewController.xib in Resources */,
				C18C4E95291EE5A6005D2850 /* README.md in Resources */,
				68CE6753293607B9002A352E /* CharacterCell.xib in Resources */,
				C1780329291673DA00E9E0AE /* LaunchScreen.storyboard in Resources */,
				C1780326291673DA00E9E0AE /* Assets.xcassets in Resources */,
				68CE677C29373E12002A352E /* CharacterDetailViewController.xib in Resources */,
			);
			runOnlyForDeploymentPostprocessing = 0;
		};
/* End PBXResourcesBuildPhase section */

/* Begin PBXSourcesBuildPhase section */
		68CE677D29379B72002A352E /* Sources */ = {
			isa = PBXSourcesBuildPhase;
			buildActionMask = 2147483647;
			files = (
				68CE67962937A2FA002A352E /* AppDelegate.swift in Sources */,
				68CE67A32937A30C002A352E /* HomeProtocols.swift in Sources */,
				68CE678C2937A1AF002A352E /* CharacterUserCase.swift in Sources */,
				68CE67A42937A312002A352E /* CharacterCell.swift in Sources */,
				68CE679F2937A30C002A352E /* HomeViewController.swift in Sources */,
				68CE67A12937A30C002A352E /* HomeBuilder.swift in Sources */,
				68CE67A02937A30C002A352E /* HomeViewModel.swift in Sources */,
				68CE67922937A2E7002A352E /* BuilderProtocol.swift in Sources */,
				68CE678F2937A2D6002A352E /* Pager.swift in Sources */,
				68CE679B2937A305002A352E /* CharacterDetailProtocols.swift in Sources */,
				68CE678E2937A2D2002A352E /* CharacterDTO.swift in Sources */,
				68CE67952937A2F4002A352E /* UImageView.swift in Sources */,
				68CE67902937A2DE002A352E /* Character.swift in Sources */,
				68CE67932937A2EB002A352E /* BaseViewController.swift in Sources */,
				68CE67972937A2FD002A352E /* SceneDelegate.swift in Sources */,
				68CE67912937A2E3002A352E /* ViewModelProtocol.swift in Sources */,
				68CE67992937A305002A352E /* CharacterDetailRouter.swift in Sources */,
				68CE67942937A2EF002A352E /* Container.swift in Sources */,
				68CE67982937A305002A352E /* CharacterDetailViewController.swift in Sources */,
				68CE678429379B72002A352E /* CharacterUseCaseTests.swift in Sources */,
				68CE679D2937A305002A352E /* CharacterDetailViewModel.swift in Sources */,
				68CE679A2937A305002A352E /* CharacterDetailBuilder.swift in Sources */,
				68CE678D2937A1CF002A352E /* CharacterRepository.swift in Sources */,
				68CE67A22937A30C002A352E /* HomeRouter.swift in Sources */,
			);
			runOnlyForDeploymentPostprocessing = 0;
		};
		C1780315291673D800E9E0AE /* Sources */ = {
			isa = PBXSourcesBuildPhase;
			buildActionMask = 2147483647;
			files = (
				C159551729239CBD00F76A1A /* UImageView.swift in Sources */,
				68CE675A293618F5002A352E /* CharacterRepository.swift in Sources */,
				68CE674C2935FB3B002A352E /* HomeViewModel.swift in Sources */,
				C1D3C33D2917B69C000C522C /* BaseViewController.swift in Sources */,
				C1D3C34F2919018C000C522C /* Container.swift in Sources */,
				68CE677829373E12002A352E /* CharacterDetailViewController.swift in Sources */,
				68CE677A29373E12002A352E /* CharacterDetailBuilder.swift in Sources */,
				68CE674E2935FB45002A352E /* HomeProtocols.swift in Sources */,
				68CE677B29373E12002A352E /* CharacterDetailViewModel.swift in Sources */,
				68CE67462935FAEF002A352E /* HomeViewController.swift in Sources */,
				C1D3C34C2917B99D000C522C /* ViewModelProtocol.swift in Sources */,
				C1D3C3432917B756000C522C /* BuilderProtocol.swift in Sources */,
				68CE675E29362261002A352E /* Pager.swift in Sources */,
				68CE6752293607B9002A352E /* CharacterCell.swift in Sources */,
				68CE6755293609BA002A352E /* CharacterDTO.swift in Sources */,
				68CE67482935FB17002A352E /* HomeBuilder.swift in Sources */,
				6845CC9F299A1DC600F5EF23 /* CharacterEndpoint.swift in Sources */,
				C178031D291673D800E9E0AE /* AppDelegate.swift in Sources */,
				68CE675729360BB3002A352E /* Character.swift in Sources */,
				68CE677929373E12002A352E /* CharacterDetailProtocols.swift in Sources */,
				C178031F291673D800E9E0AE /* SceneDelegate.swift in Sources */,
				68CE675C293621C2002A352E /* CharacterUserCase.swift in Sources */,
				68CE677729373E12002A352E /* CharacterDetailRouter.swift in Sources */,
				68CE674A2935FB2B002A352E /* HomeRouter.swift in Sources */,
			);
			runOnlyForDeploymentPostprocessing = 0;
		};
/* End PBXSourcesBuildPhase section */

/* Begin PBXTargetDependency section */
		68CE678629379B72002A352E /* PBXTargetDependency */ = {
			isa = PBXTargetDependency;
			target = C1780318291673D800E9E0AE /* RickandMorty */;
			targetProxy = 68CE678529379B72002A352E /* PBXContainerItemProxy */;
		};
/* End PBXTargetDependency section */

/* Begin PBXVariantGroup section */
		C1780327291673DA00E9E0AE /* LaunchScreen.storyboard */ = {
			isa = PBXVariantGroup;
			children = (
				C1780328291673DA00E9E0AE /* Base */,
			);
			name = LaunchScreen.storyboard;
			sourceTree = "<group>";
		};
/* End PBXVariantGroup section */

/* Begin XCBuildConfiguration section */
		68CE678729379B72002A352E /* Debug */ = {
			isa = XCBuildConfiguration;
			buildSettings = {
				BUNDLE_LOADER = "$(TEST_HOST)";
				CODE_SIGN_STYLE = Automatic;
				CURRENT_PROJECT_VERSION = 1;
				GENERATE_INFOPLIST_FILE = YES;
				MARKETING_VERSION = 1.0;
				PRODUCT_BUNDLE_IDENTIFIER = Rudo.RickandMortyTests;
				PRODUCT_NAME = "$(TARGET_NAME)";
				SWIFT_EMIT_LOC_STRINGS = NO;
				SWIFT_VERSION = 5.0;
				TARGETED_DEVICE_FAMILY = "1,2";
				TEST_HOST = "$(BUILT_PRODUCTS_DIR)/RickandMorty.app/$(BUNDLE_EXECUTABLE_FOLDER_PATH)/RickandMorty";
			};
			name = Debug;
		};
		68CE678829379B72002A352E /* Release */ = {
			isa = XCBuildConfiguration;
			buildSettings = {
				BUNDLE_LOADER = "$(TEST_HOST)";
				CODE_SIGN_STYLE = Automatic;
				CURRENT_PROJECT_VERSION = 1;
				GENERATE_INFOPLIST_FILE = YES;
				MARKETING_VERSION = 1.0;
				PRODUCT_BUNDLE_IDENTIFIER = Rudo.RickandMortyTests;
				PRODUCT_NAME = "$(TARGET_NAME)";
				SWIFT_EMIT_LOC_STRINGS = NO;
				SWIFT_VERSION = 5.0;
				TARGETED_DEVICE_FAMILY = "1,2";
				TEST_HOST = "$(BUILT_PRODUCTS_DIR)/RickandMorty.app/$(BUNDLE_EXECUTABLE_FOLDER_PATH)/RickandMorty";
			};
			name = Release;
		};
		C178032B291673DA00E9E0AE /* Debug */ = {
			isa = XCBuildConfiguration;
			buildSettings = {
				ALWAYS_SEARCH_USER_PATHS = NO;
				CLANG_ANALYZER_NONNULL = YES;
				CLANG_ANALYZER_NUMBER_OBJECT_CONVERSION = YES_AGGRESSIVE;
				CLANG_CXX_LANGUAGE_STANDARD = "gnu++20";
				CLANG_ENABLE_MODULES = YES;
				CLANG_ENABLE_OBJC_ARC = YES;
				CLANG_ENABLE_OBJC_WEAK = YES;
				CLANG_WARN_BLOCK_CAPTURE_AUTORELEASING = YES;
				CLANG_WARN_BOOL_CONVERSION = YES;
				CLANG_WARN_COMMA = YES;
				CLANG_WARN_CONSTANT_CONVERSION = YES;
				CLANG_WARN_DEPRECATED_OBJC_IMPLEMENTATIONS = YES;
				CLANG_WARN_DIRECT_OBJC_ISA_USAGE = YES_ERROR;
				CLANG_WARN_DOCUMENTATION_COMMENTS = YES;
				CLANG_WARN_EMPTY_BODY = YES;
				CLANG_WARN_ENUM_CONVERSION = YES;
				CLANG_WARN_INFINITE_RECURSION = YES;
				CLANG_WARN_INT_CONVERSION = YES;
				CLANG_WARN_NON_LITERAL_NULL_CONVERSION = YES;
				CLANG_WARN_OBJC_IMPLICIT_RETAIN_SELF = YES;
				CLANG_WARN_OBJC_LITERAL_CONVERSION = YES;
				CLANG_WARN_OBJC_ROOT_CLASS = YES_ERROR;
				CLANG_WARN_QUOTED_INCLUDE_IN_FRAMEWORK_HEADER = YES;
				CLANG_WARN_RANGE_LOOP_ANALYSIS = YES;
				CLANG_WARN_STRICT_PROTOTYPES = YES;
				CLANG_WARN_SUSPICIOUS_MOVE = YES;
				CLANG_WARN_UNGUARDED_AVAILABILITY = YES_AGGRESSIVE;
				CLANG_WARN_UNREACHABLE_CODE = YES;
				CLANG_WARN__DUPLICATE_METHOD_MATCH = YES;
				COPY_PHASE_STRIP = NO;
				DEBUG_INFORMATION_FORMAT = dwarf;
				ENABLE_STRICT_OBJC_MSGSEND = YES;
				ENABLE_TESTABILITY = YES;
				GCC_C_LANGUAGE_STANDARD = gnu11;
				GCC_DYNAMIC_NO_PIC = NO;
				GCC_NO_COMMON_BLOCKS = YES;
				GCC_OPTIMIZATION_LEVEL = 0;
				GCC_PREPROCESSOR_DEFINITIONS = (
					"DEBUG=1",
					"$(inherited)",
				);
				GCC_WARN_64_TO_32_BIT_CONVERSION = YES;
				GCC_WARN_ABOUT_RETURN_TYPE = YES_ERROR;
				GCC_WARN_UNDECLARED_SELECTOR = YES;
				GCC_WARN_UNINITIALIZED_AUTOS = YES_AGGRESSIVE;
				GCC_WARN_UNUSED_FUNCTION = YES;
				GCC_WARN_UNUSED_VARIABLE = YES;
				IPHONEOS_DEPLOYMENT_TARGET = 16.1;
				MTL_ENABLE_DEBUG_INFO = INCLUDE_SOURCE;
				MTL_FAST_MATH = YES;
				ONLY_ACTIVE_ARCH = YES;
				SDKROOT = iphoneos;
				SWIFT_ACTIVE_COMPILATION_CONDITIONS = DEBUG;
				SWIFT_OPTIMIZATION_LEVEL = "-Onone";
			};
			name = Debug;
		};
		C178032C291673DA00E9E0AE /* Release */ = {
			isa = XCBuildConfiguration;
			buildSettings = {
				ALWAYS_SEARCH_USER_PATHS = NO;
				CLANG_ANALYZER_NONNULL = YES;
				CLANG_ANALYZER_NUMBER_OBJECT_CONVERSION = YES_AGGRESSIVE;
				CLANG_CXX_LANGUAGE_STANDARD = "gnu++20";
				CLANG_ENABLE_MODULES = YES;
				CLANG_ENABLE_OBJC_ARC = YES;
				CLANG_ENABLE_OBJC_WEAK = YES;
				CLANG_WARN_BLOCK_CAPTURE_AUTORELEASING = YES;
				CLANG_WARN_BOOL_CONVERSION = YES;
				CLANG_WARN_COMMA = YES;
				CLANG_WARN_CONSTANT_CONVERSION = YES;
				CLANG_WARN_DEPRECATED_OBJC_IMPLEMENTATIONS = YES;
				CLANG_WARN_DIRECT_OBJC_ISA_USAGE = YES_ERROR;
				CLANG_WARN_DOCUMENTATION_COMMENTS = YES;
				CLANG_WARN_EMPTY_BODY = YES;
				CLANG_WARN_ENUM_CONVERSION = YES;
				CLANG_WARN_INFINITE_RECURSION = YES;
				CLANG_WARN_INT_CONVERSION = YES;
				CLANG_WARN_NON_LITERAL_NULL_CONVERSION = YES;
				CLANG_WARN_OBJC_IMPLICIT_RETAIN_SELF = YES;
				CLANG_WARN_OBJC_LITERAL_CONVERSION = YES;
				CLANG_WARN_OBJC_ROOT_CLASS = YES_ERROR;
				CLANG_WARN_QUOTED_INCLUDE_IN_FRAMEWORK_HEADER = YES;
				CLANG_WARN_RANGE_LOOP_ANALYSIS = YES;
				CLANG_WARN_STRICT_PROTOTYPES = YES;
				CLANG_WARN_SUSPICIOUS_MOVE = YES;
				CLANG_WARN_UNGUARDED_AVAILABILITY = YES_AGGRESSIVE;
				CLANG_WARN_UNREACHABLE_CODE = YES;
				CLANG_WARN__DUPLICATE_METHOD_MATCH = YES;
				COPY_PHASE_STRIP = NO;
				DEBUG_INFORMATION_FORMAT = "dwarf-with-dsym";
				ENABLE_NS_ASSERTIONS = NO;
				ENABLE_STRICT_OBJC_MSGSEND = YES;
				GCC_C_LANGUAGE_STANDARD = gnu11;
				GCC_NO_COMMON_BLOCKS = YES;
				GCC_WARN_64_TO_32_BIT_CONVERSION = YES;
				GCC_WARN_ABOUT_RETURN_TYPE = YES_ERROR;
				GCC_WARN_UNDECLARED_SELECTOR = YES;
				GCC_WARN_UNINITIALIZED_AUTOS = YES_AGGRESSIVE;
				GCC_WARN_UNUSED_FUNCTION = YES;
				GCC_WARN_UNUSED_VARIABLE = YES;
				IPHONEOS_DEPLOYMENT_TARGET = 16.1;
				MTL_ENABLE_DEBUG_INFO = NO;
				MTL_FAST_MATH = YES;
				SDKROOT = iphoneos;
				SWIFT_COMPILATION_MODE = wholemodule;
				SWIFT_OPTIMIZATION_LEVEL = "-O";
				VALIDATE_PRODUCT = YES;
			};
			name = Release;
		};
		C178032E291673DA00E9E0AE /* Debug */ = {
			isa = XCBuildConfiguration;
			buildSettings = {
				ASSETCATALOG_COMPILER_APPICON_NAME = AppIcon;
				ASSETCATALOG_COMPILER_GLOBAL_ACCENT_COLOR_NAME = AccentColor;
				CODE_SIGN_STYLE = Automatic;
				CURRENT_PROJECT_VERSION = 1;
				DEVELOPMENT_TEAM = R88CDNMKLQ;
				GENERATE_INFOPLIST_FILE = YES;
				INFOPLIST_FILE = RickandMorty/Resources/Info.plist;
				INFOPLIST_KEY_UIApplicationSupportsIndirectInputEvents = YES;
				INFOPLIST_KEY_UILaunchStoryboardName = LaunchScreen;
				INFOPLIST_KEY_UISupportedInterfaceOrientations_iPad = "UIInterfaceOrientationPortrait UIInterfaceOrientationPortraitUpsideDown UIInterfaceOrientationLandscapeLeft UIInterfaceOrientationLandscapeRight";
				INFOPLIST_KEY_UISupportedInterfaceOrientations_iPhone = "UIInterfaceOrientationPortrait UIInterfaceOrientationLandscapeLeft UIInterfaceOrientationLandscapeRight";
				LD_RUNPATH_SEARCH_PATHS = (
					"$(inherited)",
					"@executable_path/Frameworks",
				);
				MARKETING_VERSION = 1.0;
				PRODUCT_BUNDLE_IDENTIFIER = es.rickandmorty.jesus;
				PRODUCT_NAME = "$(TARGET_NAME)";
				SWIFT_EMIT_LOC_STRINGS = YES;
				SWIFT_VERSION = 5.0;
				TARGETED_DEVICE_FAMILY = "1,2";
			};
			name = Debug;
		};
		C178032F291673DA00E9E0AE /* Release */ = {
			isa = XCBuildConfiguration;
			buildSettings = {
				ASSETCATALOG_COMPILER_APPICON_NAME = AppIcon;
				ASSETCATALOG_COMPILER_GLOBAL_ACCENT_COLOR_NAME = AccentColor;
				CODE_SIGN_STYLE = Automatic;
				CURRENT_PROJECT_VERSION = 1;
				DEVELOPMENT_TEAM = R88CDNMKLQ;
				GENERATE_INFOPLIST_FILE = YES;
				INFOPLIST_FILE = RickandMorty/Resources/Info.plist;
				INFOPLIST_KEY_UIApplicationSupportsIndirectInputEvents = YES;
				INFOPLIST_KEY_UILaunchStoryboardName = LaunchScreen;
				INFOPLIST_KEY_UISupportedInterfaceOrientations_iPad = "UIInterfaceOrientationPortrait UIInterfaceOrientationPortraitUpsideDown UIInterfaceOrientationLandscapeLeft UIInterfaceOrientationLandscapeRight";
				INFOPLIST_KEY_UISupportedInterfaceOrientations_iPhone = "UIInterfaceOrientationPortrait UIInterfaceOrientationLandscapeLeft UIInterfaceOrientationLandscapeRight";
				LD_RUNPATH_SEARCH_PATHS = (
					"$(inherited)",
					"@executable_path/Frameworks",
				);
				MARKETING_VERSION = 1.0;
				PRODUCT_BUNDLE_IDENTIFIER = es.rickandmorty.jesus;
				PRODUCT_NAME = "$(TARGET_NAME)";
				SWIFT_EMIT_LOC_STRINGS = YES;
				SWIFT_VERSION = 5.0;
				TARGETED_DEVICE_FAMILY = "1,2";
			};
			name = Release;
		};
/* End XCBuildConfiguration section */

/* Begin XCConfigurationList section */
		68CE678929379B72002A352E /* Build configuration list for PBXNativeTarget "RickandMortyTests" */ = {
			isa = XCConfigurationList;
			buildConfigurations = (
				68CE678729379B72002A352E /* Debug */,
				68CE678829379B72002A352E /* Release */,
			);
			defaultConfigurationIsVisible = 0;
			defaultConfigurationName = Release;
		};
		C1780314291673D800E9E0AE /* Build configuration list for PBXProject "RickandMorty" */ = {
			isa = XCConfigurationList;
			buildConfigurations = (
				C178032B291673DA00E9E0AE /* Debug */,
				C178032C291673DA00E9E0AE /* Release */,
			);
			defaultConfigurationIsVisible = 0;
			defaultConfigurationName = Release;
		};
		C178032D291673DA00E9E0AE /* Build configuration list for PBXNativeTarget "RickandMorty" */ = {
			isa = XCConfigurationList;
			buildConfigurations = (
				C178032E291673DA00E9E0AE /* Debug */,
				C178032F291673DA00E9E0AE /* Release */,
			);
			defaultConfigurationIsVisible = 0;
			defaultConfigurationName = Release;
		};
/* End XCConfigurationList section */
	};
	rootObject = C1780311291673D800E9E0AE /* Project object */;
}
